
Microsoft Visual Studio Solution File, Format Version 12.00
# Visual Studio Version 17
VisualStudioVersion = 17.8.34330.188
MinimumVisualStudioVersion = 10.0.40219.1
Project("{FAE04EC0-301F-11D3-BF4B-00C04F79EFBC}") = "GrpcHost", "GrpcHost.csproj", "{1B4A9949-700A-432E-A0CF-3BD80D889C96}"
EndProject
Global
	GlobalSection(SolutionConfigurationPlatforms) = preSolution
		Debug|Any CPU = Debug|Any CPU
		Release|Any CPU = Release|Any CPU
	EndGlobalSection
	GlobalSection(ProjectConfigurationPlatforms) = postSolution
		{1B4A9949-700A-432E-A0CF-3BD80D889C96}.Debug|Any CPU.ActiveCfg = Debug|Any CPU
		{1B4A9949-700A-432E-A0CF-3BD80D889C96}.Debug|Any CPU.Build.0 = Debug|Any CPU
		{1B4A9949-700A-432E-A0CF-3BD80D889C96}.Release|Any CPU.ActiveCfg = Release|Any CPU
		{1B4A9949-700A-432E-A0CF-3BD80D889C96}.Release|Any CPU.Build.0 = Release|Any CPU
	EndGlobalSection
	GlobalSection(SolutionProperties) = preSolution
		HideSolutionNode = FALSE
	EndGlobalSection
	GlobalSection(ExtensibilityGlobals) = postSolution
		SolutionGuid = {854C3C6D-4744-4FA0-80E6-D9356E7748A1}
	EndGlobalSection
EndGlobal
